
Microsoft Visual Studio Solution File, Format Version 12.00
# Visual Studio Version 16
VisualStudioVersion = 16.0.30621.155
MinimumVisualStudioVersion = 10.0.40219.1
Project("{8BC9CEB8-8B4A-11D0-8D11-00A0C91BC942}") = "Lab 1.2.6 (1)", "Lab1.2.6(1)\Lab1.2.6(1).vcxproj", "{5006AF1F-6B34-45CC-83AB-5BE78DD03290}"
EndProject
Project("{8BC9CEB8-8B4A-11D0-8D11-00A0C91BC942}") = "Lab 1.3.1 (1)", "Lab1.3.1(1)\Lab1.3.1(1).vcxproj", "{BD9CB1BE-A8C5-4C7B-A005-776AA780A9B7}"
EndProject
Project("{2150E333-8FDC-42A3-9474-1A3956D46DE8}") = "Chapter1", "Chapter1", "{A3D3DE39-FE81-4399-8D52-0819A22A022A}"
EndProject
Project("{8BC9CEB8-8B4A-11D0-8D11-00A0C91BC942}") = "Lab 1.4.2 (1)", "Lab1.4.2(1)\Lab1.4.2(1).vcxproj", "{F3976C4D-2A81-41F1-A94D-A2904C182DB3}"
EndProject
Project("{8BC9CEB8-8B4A-11D0-8D11-00A0C91BC942}") = "Lab 1.4.40 (1)", "Lab1.4.40(1)\Lab1.4.40(1).vcxproj", "{C3B0D8D9-B6DC-4377-B57F-F32331AB839B}"
EndProject
Project("{8BC9CEB8-8B4A-11D0-8D11-00A0C91BC942}") = "Lab 1.4.40 (2)", "ConsoleApplication1\ConsoleApplication1.vcxproj", "{BD6E935F-7982-4AD6-B4F4-2F5855FCE055}"
EndProject
Project("{8BC9CEB8-8B4A-11D0-8D11-00A0C91BC942}") = "Lab 1.6.11 (1)", "Lab1.6.11(1)\Lab1.6.11(1).vcxproj", "{189F0BD3-5DB4-43FD-8DAF-944CDF5BE3F0}"
EndProject
Project("{8BC9CEB8-8B4A-11D0-8D11-00A0C91BC942}") = "Lab 1.7.3 (1)", "Lab1.7.3(1)\Lab1.7.3(1).vcxproj", "{DB082CA4-6ED5-4050-879F-33ADB3011973}"
EndProject
Project("{8BC9CEB8-8B4A-11D0-8D11-00A0C91BC942}") = "Lab 1.7.4 (2)", "Lab1.7.4(1)\Lab1.7.4(1).vcxproj", "{CDD8F875-7691-40FC-A103-EDA470847BFB}"
EndProject
Project("{8BC9CEB8-8B4A-11D0-8D11-00A0C91BC942}") = "Lab 1.7.5 (3)", "Lab1.7.5(3)\Lab1.7.5(3).vcxproj", "{6CAD2E7D-2721-4895-8566-A218D33CAD6F}"
EndProject
Project("{2150E333-8FDC-42A3-9474-1A3956D46DE8}") = "Chapter2", "Chapter2", "{FA1CB215-9578-4E68-B58C-86F4E19F5B3A}"
EndProject
Project("{8BC9CEB8-8B4A-11D0-8D11-00A0C91BC942}") = "Lab 2.1.5 (1) Essentials of if-else statement [A]", "Lab2.1.5(1)\Lab2.1.5(1).vcxproj", "{A4F64B42-5171-43E1-A1A8-69568BF25472}"
EndProject
Project("{8BC9CEB8-8B4A-11D0-8D11-00A0C91BC942}") = "Lab 2.1.5 (2) Some actual evaluations - taxes [B]", "Lab 2.1.5 (2)\Lab 2.1.5 (2).vcxproj", "{D2F9E8E5-E758-4464-A6A5-5013D2F77ED5}"
EndProject
Project("{8BC9CEB8-8B4A-11D0-8D11-00A0C91BC942}") = "Lab 2.1.5 (3) Some actual evaluations - converting measurement systems [B]", "Lab 2.1.5 (3)\Lab 2.1.5 (3).vcxproj", "{57E54B6B-EA79-49E7-9C5A-4BBF43EF50EA}"
EndProject
Project("{8BC9CEB8-8B4A-11D0-8D11-00A0C91BC942}") = "Lab 2.1.5 (4) Some actual evaluations - finding day of week [B]", "Lab 2.1.5 (4)\Lab 2.1.5 (4).vcxproj", "{FFE43B08-80A5-46B0-97DF-3CDABF3DA2A1}"
EndProject
Project("{8BC9CEB8-8B4A-11D0-8D11-00A0C91BC942}") = "Lab 2.1.5 (5) Some actual evaluations - finding date of Easter [B]", "Lab 2.1.5 (5) Some actual evaluations - finding date of Easter [B]\Lab 2.1.5 (5) Some actual evaluations - finding date of Easter [B].vcxproj", "{B47DFB69-B5EF-471E-AB25-8596133D6B61}"
EndProject
Project("{8BC9CEB8-8B4A-11D0-8D11-00A0C91BC942}") = "Lab 2.3.19 (1) Collatz's hypothesis [B]", "Lab 2.3.19 (1) Collatz's hypothesis [B]\Lab 2.3.19 (1) Collatz's hypothesis [B].vcxproj", "{BD95C699-8689-4342-A404-D2DF0320B9CE}"
EndProject
Project("{8BC9CEB8-8B4A-11D0-8D11-00A0C91BC942}") = "Lab 2.3.19 (2) Some actual evaluations - finding value of Pi [A]", "Lab 2.3.19 (2) Some actual evaluations - finding value of Pi [A]\Lab 2.3.19 (2) Some actual evaluations - finding value of Pi [A].vcxproj", "{473355D1-AFA4-408D-84C4-36A47EBE95B7}"
EndProject
Project("{8BC9CEB8-8B4A-11D0-8D11-00A0C91BC942}") = "Lab 2.3.19 (3) Finding positive powers of 2 [A]", "Lab 2.3.19 (3) Finding positive powers of 2 [A]\Lab 2.3.19 (3) Finding positive powers of 2 [A].vcxproj", "{34C3473B-ADAA-4F98-AEFC-931140FD45C6}"
EndProject
Project("{8BC9CEB8-8B4A-11D0-8D11-00A0C91BC942}") = "Lab 2.3.19 (4) Finding negative powers of 2 [B]", "Lab 2.3.19 (4) Finding negative powers of 2 [B]\Lab 2.3.19 (4) Finding negative powers of 2 [B].vcxproj", "{ED07EC2B-88CA-4370-A44D-5D021A2ECE1B}"
EndProject
Project("{8BC9CEB8-8B4A-11D0-8D11-00A0C91BC942}") = "Lab 2.3.19 (5) Drawing squares (actually rectangles) [B]", "Lab 2.3.19 (5) Drawing squares (actually rectangles) [B]\Lab 2.3.19 (5) Drawing squares (actually rectangles) [B].vcxproj", "{DC4E5526-4E60-4591-A327-13D2172A6FD4}"
EndProject
Project("{8BC9CEB8-8B4A-11D0-8D11-00A0C91BC942}") = "Lab 2.3.19 (6) Postcard from Gizah [B]", "Lab 2.3.19 (6) Postcard from Gizah [B]\Lab 2.3.19 (6) Postcard from Gizah [B].vcxproj", "{D4DA9EA9-4298-457C-A44B-EC84816CCA0F}"
EndProject
Project("{8BC9CEB8-8B4A-11D0-8D11-00A0C91BC942}") = "Lab 2.3.19 (7) Do it yourself Fibonacci sequence [A]", "Lab 2.3.19 (7) Do it yourself Fibonacci sequence [A]\Lab 2.3.19 (7) Do it yourself Fibonacci sequence [A].vcxproj", "{ABC2BB71-20C5-4D32-B94A-DB78C846530F}"
EndProject
Project("{8BC9CEB8-8B4A-11D0-8D11-00A0C91BC942}") = "Lab 2.3.19 (8) Do it yourself factorials [A]", "Lab 2.3.19 (8) Do it yourself factorials [A]\Lab 2.3.19 (8) Do it yourself factorials [A].vcxproj", "{ABB525E0-54E4-43CB-A7CC-6FEF20702E35}"
EndProject
Project("{8BC9CEB8-8B4A-11D0-8D11-00A0C91BC942}") = "Lab 2.3.19 (9) The riddle (a bit tricky one) [C]", "Lab 2.3.19 (9) The riddle (a bit tricky one) [C]\Lab 2.3.19 (9) The riddle (a bit tricky one) [C].vcxproj", "{E3210A79-6EB1-4AF6-B1A6-81BEE5CCE2DB}"
EndProject
Project("{8BC9CEB8-8B4A-11D0-8D11-00A0C91BC942}") = "Lab 2.4.23 (1) Counting bits (the ones) [A]", "Lab 2.4.23 (1) Counting bits (the ones) [A]\Lab 2.4.23 (1) Counting bits (the ones) [A].vcxproj", "{C1263D2B-E5CC-450B-84B5-E939447B2752}"
EndProject
Project("{8BC9CEB8-8B4A-11D0-8D11-00A0C91BC942}") = "Lab 2.4.23 (2) Bitwise palindromes [B]", "Lab 2.4.23 (2) Bitwise palindromes [B]\Lab 2.4.23 (2) Bitwise palindromes [B].vcxproj", "{7EAA4130-DB5D-4BCF-A4F4-E55BE080CBC4}"
EndProject
Project("{8BC9CEB8-8B4A-11D0-8D11-00A0C91BC942}") = "Lab 2.5.4 (1) A real and usable calculator [B]", "Lab 2.5.4 (1) A real and usable calculator [B]\Lab 2.5.4 (1) A real and usable calculator [B].vcxproj", "{4B1F1D77-E8A5-407D-BB1E-83B02684E870}"
EndProject
Project("{8BC9CEB8-8B4A-11D0-8D11-00A0C91BC942}") = "Lab 2.9.8 (1) Simple vector manipulations [A]", "Lab 2.9.8 (1) Simple vector manipulations [A]\Lab 2.9.8 (1) Simple vector manipulations [A].vcxproj", "{B2783D21-C5D3-4AC9-B638-FAD6250BE8E2}"
EndProject
Project("{8BC9CEB8-8B4A-11D0-8D11-00A0C91BC942}") = "Lab 2.9.8 (2) Collecting banknotes [C]", "Lab 2.9.8 (2) Collecting banknotes [C]\Lab 2.9.8 (2) Collecting banknotes [C].vcxproj", "{00F5E17F-2C13-41F5-BD67-986C5663AF3F}"
EndProject
Project("{8BC9CEB8-8B4A-11D0-8D11-00A0C91BC942}") = "Lab 2.9.8 (3) Palindromes once again [A]", "Lab 2.9.8 (3) Palindromes once again [A]\Lab 2.9.8 (3) Palindromes once again [A].vcxproj", "{47A7E4FE-7309-4268-8AC1-A51E488C891E}"
EndProject
Project("{8BC9CEB8-8B4A-11D0-8D11-00A0C91BC942}") = "Lab 2.9.8 (4) Evaluating different kinds of means [B]", "Lab 2.9.8 (4) Evaluating different kinds of means [B]\Lab 2.9.8 (4) Evaluating different kinds of means [B].vcxproj", "{1BA13850-50B9-4920-8EF2-60D9C8D72ACE}"
EndProject
Project("{8BC9CEB8-8B4A-11D0-8D11-00A0C91BC942}") = "Lab 2.9.8 (5) Two dimensional square array - symmetric or not [B]", "Lab 2.9.8 (5) Two dimensional square array - symmetric or not [B]\Lab 2.9.8 (5) Two dimensional square array - symmetric or not [B].vcxproj", "{192A0018-4F7A-4154-8E5B-E1FF4043A7B7}"
EndProject
Project("{8BC9CEB8-8B4A-11D0-8D11-00A0C91BC942}") = "Lab2.11.6 (1) Structure of time or time of structure [B]", "Lab 2.11.6 (1) Structure of time or time of structure [B]\Lab 2.11.6 (1) Structure of time or time of structure [B].vcxproj", "{7086A7C9-7479-401B-93B0-DA1C35E039D1}"
EndProject
Project("{8BC9CEB8-8B4A-11D0-8D11-00A0C91BC942}") = "Lab2.11.6 (2) Times and durations [B]", "Lab2.11.6 (2) Times and durations [B]\Lab2.11.6 (2) Times and durations [B].vcxproj", "{63E0FA43-8BBE-425B-90A7-A9C26105FB39}"
EndProject
Project("{2150E333-8FDC-42A3-9474-1A3956D46DE8}") = "Chapter3", "Chapter3", "{247699E4-0A98-4613-8C05-487CBCE17851}"
EndProject
Global
	GlobalSection(SolutionConfigurationPlatforms) = preSolution
		Debug|x64 = Debug|x64
		Debug|x86 = Debug|x86
		Release|x64 = Release|x64
		Release|x86 = Release|x86
	EndGlobalSection
	GlobalSection(ProjectConfigurationPlatforms) = postSolution
		{5006AF1F-6B34-45CC-83AB-5BE78DD03290}.Debug|x64.ActiveCfg = Debug|x64
		{5006AF1F-6B34-45CC-83AB-5BE78DD03290}.Debug|x64.Build.0 = Debug|x64
		{5006AF1F-6B34-45CC-83AB-5BE78DD03290}.Debug|x86.ActiveCfg = Debug|Win32
		{5006AF1F-6B34-45CC-83AB-5BE78DD03290}.Debug|x86.Build.0 = Debug|Win32
		{5006AF1F-6B34-45CC-83AB-5BE78DD03290}.Release|x64.ActiveCfg = Release|x64
		{5006AF1F-6B34-45CC-83AB-5BE78DD03290}.Release|x64.Build.0 = Release|x64
		{5006AF1F-6B34-45CC-83AB-5BE78DD03290}.Release|x86.ActiveCfg = Release|Win32
		{5006AF1F-6B34-45CC-83AB-5BE78DD03290}.Release|x86.Build.0 = Release|Win32
		{BD9CB1BE-A8C5-4C7B-A005-776AA780A9B7}.Debug|x64.ActiveCfg = Debug|x64
		{BD9CB1BE-A8C5-4C7B-A005-776AA780A9B7}.Debug|x64.Build.0 = Debug|x64
		{BD9CB1BE-A8C5-4C7B-A005-776AA780A9B7}.Debug|x86.ActiveCfg = Debug|Win32
		{BD9CB1BE-A8C5-4C7B-A005-776AA780A9B7}.Debug|x86.Build.0 = Debug|Win32
		{BD9CB1BE-A8C5-4C7B-A005-776AA780A9B7}.Release|x64.ActiveCfg = Release|x64
		{BD9CB1BE-A8C5-4C7B-A005-776AA780A9B7}.Release|x64.Build.0 = Release|x64
		{BD9CB1BE-A8C5-4C7B-A005-776AA780A9B7}.Release|x86.ActiveCfg = Release|Win32
		{BD9CB1BE-A8C5-4C7B-A005-776AA780A9B7}.Release|x86.Build.0 = Release|Win32
		{F3976C4D-2A81-41F1-A94D-A2904C182DB3}.Debug|x64.ActiveCfg = Debug|x64
		{F3976C4D-2A81-41F1-A94D-A2904C182DB3}.Debug|x64.Build.0 = Debug|x64
		{F3976C4D-2A81-41F1-A94D-A2904C182DB3}.Debug|x86.ActiveCfg = Debug|Win32
		{F3976C4D-2A81-41F1-A94D-A2904C182DB3}.Debug|x86.Build.0 = Debug|Win32
		{F3976C4D-2A81-41F1-A94D-A2904C182DB3}.Release|x64.ActiveCfg = Release|x64
		{F3976C4D-2A81-41F1-A94D-A2904C182DB3}.Release|x64.Build.0 = Release|x64
		{F3976C4D-2A81-41F1-A94D-A2904C182DB3}.Release|x86.ActiveCfg = Release|Win32
		{F3976C4D-2A81-41F1-A94D-A2904C182DB3}.Release|x86.Build.0 = Release|Win32
		{C3B0D8D9-B6DC-4377-B57F-F32331AB839B}.Debug|x64.ActiveCfg = Debug|x64
		{C3B0D8D9-B6DC-4377-B57F-F32331AB839B}.Debug|x64.Build.0 = Debug|x64
		{C3B0D8D9-B6DC-4377-B57F-F32331AB839B}.Debug|x86.ActiveCfg = Debug|Win32
		{C3B0D8D9-B6DC-4377-B57F-F32331AB839B}.Debug|x86.Build.0 = Debug|Win32
		{C3B0D8D9-B6DC-4377-B57F-F32331AB839B}.Release|x64.ActiveCfg = Release|x64
		{C3B0D8D9-B6DC-4377-B57F-F32331AB839B}.Release|x64.Build.0 = Release|x64
		{C3B0D8D9-B6DC-4377-B57F-F32331AB839B}.Release|x86.ActiveCfg = Release|Win32
		{C3B0D8D9-B6DC-4377-B57F-F32331AB839B}.Release|x86.Build.0 = Release|Win32
		{BD6E935F-7982-4AD6-B4F4-2F5855FCE055}.Debug|x64.ActiveCfg = Debug|x64
		{BD6E935F-7982-4AD6-B4F4-2F5855FCE055}.Debug|x64.Build.0 = Debug|x64
		{BD6E935F-7982-4AD6-B4F4-2F5855FCE055}.Debug|x86.ActiveCfg = Debug|Win32
		{BD6E935F-7982-4AD6-B4F4-2F5855FCE055}.Debug|x86.Build.0 = Debug|Win32
		{BD6E935F-7982-4AD6-B4F4-2F5855FCE055}.Release|x64.ActiveCfg = Release|x64
		{BD6E935F-7982-4AD6-B4F4-2F5855FCE055}.Release|x64.Build.0 = Release|x64
		{BD6E935F-7982-4AD6-B4F4-2F5855FCE055}.Release|x86.ActiveCfg = Release|Win32
		{BD6E935F-7982-4AD6-B4F4-2F5855FCE055}.Release|x86.Build.0 = Release|Win32
		{189F0BD3-5DB4-43FD-8DAF-944CDF5BE3F0}.Debug|x64.ActiveCfg = Debug|x64
		{189F0BD3-5DB4-43FD-8DAF-944CDF5BE3F0}.Debug|x64.Build.0 = Debug|x64
		{189F0BD3-5DB4-43FD-8DAF-944CDF5BE3F0}.Debug|x86.ActiveCfg = Debug|Win32
		{189F0BD3-5DB4-43FD-8DAF-944CDF5BE3F0}.Debug|x86.Build.0 = Debug|Win32
		{189F0BD3-5DB4-43FD-8DAF-944CDF5BE3F0}.Release|x64.ActiveCfg = Release|x64
		{189F0BD3-5DB4-43FD-8DAF-944CDF5BE3F0}.Release|x64.Build.0 = Release|x64
		{189F0BD3-5DB4-43FD-8DAF-944CDF5BE3F0}.Release|x86.ActiveCfg = Release|Win32
		{189F0BD3-5DB4-43FD-8DAF-944CDF5BE3F0}.Release|x86.Build.0 = Release|Win32
		{DB082CA4-6ED5-4050-879F-33ADB3011973}.Debug|x64.ActiveCfg = Debug|x64
		{DB082CA4-6ED5-4050-879F-33ADB3011973}.Debug|x64.Build.0 = Debug|x64
		{DB082CA4-6ED5-4050-879F-33ADB3011973}.Debug|x86.ActiveCfg = Debug|Win32
		{DB082CA4-6ED5-4050-879F-33ADB3011973}.Debug|x86.Build.0 = Debug|Win32
		{DB082CA4-6ED5-4050-879F-33ADB3011973}.Release|x64.ActiveCfg = Release|x64
		{DB082CA4-6ED5-4050-879F-33ADB3011973}.Release|x64.Build.0 = Release|x64
		{DB082CA4-6ED5-4050-879F-33ADB3011973}.Release|x86.ActiveCfg = Release|Win32
		{DB082CA4-6ED5-4050-879F-33ADB3011973}.Release|x86.Build.0 = Release|Win32
		{CDD8F875-7691-40FC-A103-EDA470847BFB}.Debug|x64.ActiveCfg = Debug|x64
		{CDD8F875-7691-40FC-A103-EDA470847BFB}.Debug|x64.Build.0 = Debug|x64
		{CDD8F875-7691-40FC-A103-EDA470847BFB}.Debug|x86.ActiveCfg = Debug|Win32
		{CDD8F875-7691-40FC-A103-EDA470847BFB}.Debug|x86.Build.0 = Debug|Win32
		{CDD8F875-7691-40FC-A103-EDA470847BFB}.Release|x64.ActiveCfg = Release|x64
		{CDD8F875-7691-40FC-A103-EDA470847BFB}.Release|x64.Build.0 = Release|x64
		{CDD8F875-7691-40FC-A103-EDA470847BFB}.Release|x86.ActiveCfg = Release|Win32
		{CDD8F875-7691-40FC-A103-EDA470847BFB}.Release|x86.Build.0 = Release|Win32
		{6CAD2E7D-2721-4895-8566-A218D33CAD6F}.Debug|x64.ActiveCfg = Debug|x64
		{6CAD2E7D-2721-4895-8566-A218D33CAD6F}.Debug|x64.Build.0 = Debug|x64
		{6CAD2E7D-2721-4895-8566-A218D33CAD6F}.Debug|x86.ActiveCfg = Debug|Win32
		{6CAD2E7D-2721-4895-8566-A218D33CAD6F}.Debug|x86.Build.0 = Debug|Win32
		{6CAD2E7D-2721-4895-8566-A218D33CAD6F}.Release|x64.ActiveCfg = Release|x64
		{6CAD2E7D-2721-4895-8566-A218D33CAD6F}.Release|x64.Build.0 = Release|x64
		{6CAD2E7D-2721-4895-8566-A218D33CAD6F}.Release|x86.ActiveCfg = Release|Win32
		{6CAD2E7D-2721-4895-8566-A218D33CAD6F}.Release|x86.Build.0 = Release|Win32
		{A4F64B42-5171-43E1-A1A8-69568BF25472}.Debug|x64.ActiveCfg = Debug|x64
		{A4F64B42-5171-43E1-A1A8-69568BF25472}.Debug|x64.Build.0 = Debug|x64
		{A4F64B42-5171-43E1-A1A8-69568BF25472}.Debug|x86.ActiveCfg = Debug|Win32
		{A4F64B42-5171-43E1-A1A8-69568BF25472}.Debug|x86.Build.0 = Debug|Win32
		{A4F64B42-5171-43E1-A1A8-69568BF25472}.Release|x64.ActiveCfg = Release|x64
		{A4F64B42-5171-43E1-A1A8-69568BF25472}.Release|x64.Build.0 = Release|x64
		{A4F64B42-5171-43E1-A1A8-69568BF25472}.Release|x86.ActiveCfg = Release|Win32
		{A4F64B42-5171-43E1-A1A8-69568BF25472}.Release|x86.Build.0 = Release|Win32
		{D2F9E8E5-E758-4464-A6A5-5013D2F77ED5}.Debug|x64.ActiveCfg = Debug|x64
		{D2F9E8E5-E758-4464-A6A5-5013D2F77ED5}.Debug|x64.Build.0 = Debug|x64
		{D2F9E8E5-E758-4464-A6A5-5013D2F77ED5}.Debug|x86.ActiveCfg = Debug|Win32
		{D2F9E8E5-E758-4464-A6A5-5013D2F77ED5}.Debug|x86.Build.0 = Debug|Win32
		{D2F9E8E5-E758-4464-A6A5-5013D2F77ED5}.Release|x64.ActiveCfg = Release|x64
		{D2F9E8E5-E758-4464-A6A5-5013D2F77ED5}.Release|x64.Build.0 = Release|x64
		{D2F9E8E5-E758-4464-A6A5-5013D2F77ED5}.Release|x86.ActiveCfg = Release|Win32
		{D2F9E8E5-E758-4464-A6A5-5013D2F77ED5}.Release|x86.Build.0 = Release|Win32
		{57E54B6B-EA79-49E7-9C5A-4BBF43EF50EA}.Debug|x64.ActiveCfg = Debug|x64
		{57E54B6B-EA79-49E7-9C5A-4BBF43EF50EA}.Debug|x64.Build.0 = Debug|x64
		{57E54B6B-EA79-49E7-9C5A-4BBF43EF50EA}.Debug|x86.ActiveCfg = Debug|Win32
		{57E54B6B-EA79-49E7-9C5A-4BBF43EF50EA}.Debug|x86.Build.0 = Debug|Win32
		{57E54B6B-EA79-49E7-9C5A-4BBF43EF50EA}.Release|x64.ActiveCfg = Release|x64
		{57E54B6B-EA79-49E7-9C5A-4BBF43EF50EA}.Release|x64.Build.0 = Release|x64
		{57E54B6B-EA79-49E7-9C5A-4BBF43EF50EA}.Release|x86.ActiveCfg = Release|Win32
		{57E54B6B-EA79-49E7-9C5A-4BBF43EF50EA}.Release|x86.Build.0 = Release|Win32
		{FFE43B08-80A5-46B0-97DF-3CDABF3DA2A1}.Debug|x64.ActiveCfg = Debug|x64
		{FFE43B08-80A5-46B0-97DF-3CDABF3DA2A1}.Debug|x64.Build.0 = Debug|x64
		{FFE43B08-80A5-46B0-97DF-3CDABF3DA2A1}.Debug|x86.ActiveCfg = Debug|Win32
		{FFE43B08-80A5-46B0-97DF-3CDABF3DA2A1}.Debug|x86.Build.0 = Debug|Win32
		{FFE43B08-80A5-46B0-97DF-3CDABF3DA2A1}.Release|x64.ActiveCfg = Release|x64
		{FFE43B08-80A5-46B0-97DF-3CDABF3DA2A1}.Release|x64.Build.0 = Release|x64
		{FFE43B08-80A5-46B0-97DF-3CDABF3DA2A1}.Release|x86.ActiveCfg = Release|Win32
		{FFE43B08-80A5-46B0-97DF-3CDABF3DA2A1}.Release|x86.Build.0 = Release|Win32
		{B47DFB69-B5EF-471E-AB25-8596133D6B61}.Debug|x64.ActiveCfg = Debug|x64
		{B47DFB69-B5EF-471E-AB25-8596133D6B61}.Debug|x64.Build.0 = Debug|x64
		{B47DFB69-B5EF-471E-AB25-8596133D6B61}.Debug|x86.ActiveCfg = Debug|Win32
		{B47DFB69-B5EF-471E-AB25-8596133D6B61}.Debug|x86.Build.0 = Debug|Win32
		{B47DFB69-B5EF-471E-AB25-8596133D6B61}.Release|x64.ActiveCfg = Release|x64
		{B47DFB69-B5EF-471E-AB25-8596133D6B61}.Release|x64.Build.0 = Release|x64
		{B47DFB69-B5EF-471E-AB25-8596133D6B61}.Release|x86.ActiveCfg = Release|Win32
		{B47DFB69-B5EF-471E-AB25-8596133D6B61}.Release|x86.Build.0 = Release|Win32
		{BD95C699-8689-4342-A404-D2DF0320B9CE}.Debug|x64.ActiveCfg = Debug|x64
		{BD95C699-8689-4342-A404-D2DF0320B9CE}.Debug|x64.Build.0 = Debug|x64
		{BD95C699-8689-4342-A404-D2DF0320B9CE}.Debug|x86.ActiveCfg = Debug|Win32
		{BD95C699-8689-4342-A404-D2DF0320B9CE}.Debug|x86.Build.0 = Debug|Win32
		{BD95C699-8689-4342-A404-D2DF0320B9CE}.Release|x64.ActiveCfg = Release|x64
		{BD95C699-8689-4342-A404-D2DF0320B9CE}.Release|x64.Build.0 = Release|x64
		{BD95C699-8689-4342-A404-D2DF0320B9CE}.Release|x86.ActiveCfg = Release|Win32
		{BD95C699-8689-4342-A404-D2DF0320B9CE}.Release|x86.Build.0 = Release|Win32
		{473355D1-AFA4-408D-84C4-36A47EBE95B7}.Debug|x64.ActiveCfg = Debug|x64
		{473355D1-AFA4-408D-84C4-36A47EBE95B7}.Debug|x64.Build.0 = Debug|x64
		{473355D1-AFA4-408D-84C4-36A47EBE95B7}.Debug|x86.ActiveCfg = Debug|Win32
		{473355D1-AFA4-408D-84C4-36A47EBE95B7}.Debug|x86.Build.0 = Debug|Win32
		{473355D1-AFA4-408D-84C4-36A47EBE95B7}.Release|x64.ActiveCfg = Release|x64
		{473355D1-AFA4-408D-84C4-36A47EBE95B7}.Release|x64.Build.0 = Release|x64
		{473355D1-AFA4-408D-84C4-36A47EBE95B7}.Release|x86.ActiveCfg = Release|Win32
		{473355D1-AFA4-408D-84C4-36A47EBE95B7}.Release|x86.Build.0 = Release|Win32
		{34C3473B-ADAA-4F98-AEFC-931140FD45C6}.Debug|x64.ActiveCfg = Debug|x64
		{34C3473B-ADAA-4F98-AEFC-931140FD45C6}.Debug|x64.Build.0 = Debug|x64
		{34C3473B-ADAA-4F98-AEFC-931140FD45C6}.Debug|x86.ActiveCfg = Debug|Win32
		{34C3473B-ADAA-4F98-AEFC-931140FD45C6}.Debug|x86.Build.0 = Debug|Win32
		{34C3473B-ADAA-4F98-AEFC-931140FD45C6}.Release|x64.ActiveCfg = Release|x64
		{34C3473B-ADAA-4F98-AEFC-931140FD45C6}.Release|x64.Build.0 = Release|x64
		{34C3473B-ADAA-4F98-AEFC-931140FD45C6}.Release|x86.ActiveCfg = Release|Win32
		{34C3473B-ADAA-4F98-AEFC-931140FD45C6}.Release|x86.Build.0 = Release|Win32
		{ED07EC2B-88CA-4370-A44D-5D021A2ECE1B}.Debug|x64.ActiveCfg = Debug|x64
		{ED07EC2B-88CA-4370-A44D-5D021A2ECE1B}.Debug|x64.Build.0 = Debug|x64
		{ED07EC2B-88CA-4370-A44D-5D021A2ECE1B}.Debug|x86.ActiveCfg = Debug|Win32
		{ED07EC2B-88CA-4370-A44D-5D021A2ECE1B}.Debug|x86.Build.0 = Debug|Win32
		{ED07EC2B-88CA-4370-A44D-5D021A2ECE1B}.Release|x64.ActiveCfg = Release|x64
		{ED07EC2B-88CA-4370-A44D-5D021A2ECE1B}.Release|x64.Build.0 = Release|x64
		{ED07EC2B-88CA-4370-A44D-5D021A2ECE1B}.Release|x86.ActiveCfg = Release|Win32
		{ED07EC2B-88CA-4370-A44D-5D021A2ECE1B}.Release|x86.Build.0 = Release|Win32
		{DC4E5526-4E60-4591-A327-13D2172A6FD4}.Debug|x64.ActiveCfg = Debug|x64
		{DC4E5526-4E60-4591-A327-13D2172A6FD4}.Debug|x64.Build.0 = Debug|x64
		{DC4E5526-4E60-4591-A327-13D2172A6FD4}.Debug|x86.ActiveCfg = Debug|Win32
		{DC4E5526-4E60-4591-A327-13D2172A6FD4}.Debug|x86.Build.0 = Debug|Win32
		{DC4E5526-4E60-4591-A327-13D2172A6FD4}.Release|x64.ActiveCfg = Release|x64
		{DC4E5526-4E60-4591-A327-13D2172A6FD4}.Release|x64.Build.0 = Release|x64
		{DC4E5526-4E60-4591-A327-13D2172A6FD4}.Release|x86.ActiveCfg = Release|Win32
		{DC4E5526-4E60-4591-A327-13D2172A6FD4}.Release|x86.Build.0 = Release|Win32
		{D4DA9EA9-4298-457C-A44B-EC84816CCA0F}.Debug|x64.ActiveCfg = Debug|x64
		{D4DA9EA9-4298-457C-A44B-EC84816CCA0F}.Debug|x64.Build.0 = Debug|x64
		{D4DA9EA9-4298-457C-A44B-EC84816CCA0F}.Debug|x86.ActiveCfg = Debug|Win32
		{D4DA9EA9-4298-457C-A44B-EC84816CCA0F}.Debug|x86.Build.0 = Debug|Win32
		{D4DA9EA9-4298-457C-A44B-EC84816CCA0F}.Release|x64.ActiveCfg = Release|x64
		{D4DA9EA9-4298-457C-A44B-EC84816CCA0F}.Release|x64.Build.0 = Release|x64
		{D4DA9EA9-4298-457C-A44B-EC84816CCA0F}.Release|x86.ActiveCfg = Release|Win32
		{D4DA9EA9-4298-457C-A44B-EC84816CCA0F}.Release|x86.Build.0 = Release|Win32
		{ABC2BB71-20C5-4D32-B94A-DB78C846530F}.Debug|x64.ActiveCfg = Debug|x64
		{ABC2BB71-20C5-4D32-B94A-DB78C846530F}.Debug|x64.Build.0 = Debug|x64
		{ABC2BB71-20C5-4D32-B94A-DB78C846530F}.Debug|x86.ActiveCfg = Debug|Win32
		{ABC2BB71-20C5-4D32-B94A-DB78C846530F}.Debug|x86.Build.0 = Debug|Win32
		{ABC2BB71-20C5-4D32-B94A-DB78C846530F}.Release|x64.ActiveCfg = Release|x64
		{ABC2BB71-20C5-4D32-B94A-DB78C846530F}.Release|x64.Build.0 = Release|x64
		{ABC2BB71-20C5-4D32-B94A-DB78C846530F}.Release|x86.ActiveCfg = Release|Win32
		{ABC2BB71-20C5-4D32-B94A-DB78C846530F}.Release|x86.Build.0 = Release|Win32
		{ABB525E0-54E4-43CB-A7CC-6FEF20702E35}.Debug|x64.ActiveCfg = Debug|x64
		{ABB525E0-54E4-43CB-A7CC-6FEF20702E35}.Debug|x64.Build.0 = Debug|x64
		{ABB525E0-54E4-43CB-A7CC-6FEF20702E35}.Debug|x86.ActiveCfg = Debug|Win32
		{ABB525E0-54E4-43CB-A7CC-6FEF20702E35}.Debug|x86.Build.0 = Debug|Win32
		{ABB525E0-54E4-43CB-A7CC-6FEF20702E35}.Release|x64.ActiveCfg = Release|x64
		{ABB525E0-54E4-43CB-A7CC-6FEF20702E35}.Release|x64.Build.0 = Release|x64
		{ABB525E0-54E4-43CB-A7CC-6FEF20702E35}.Release|x86.ActiveCfg = Release|Win32
		{ABB525E0-54E4-43CB-A7CC-6FEF20702E35}.Release|x86.Build.0 = Release|Win32
		{E3210A79-6EB1-4AF6-B1A6-81BEE5CCE2DB}.Debug|x64.ActiveCfg = Debug|x64
		{E3210A79-6EB1-4AF6-B1A6-81BEE5CCE2DB}.Debug|x64.Build.0 = Debug|x64
		{E3210A79-6EB1-4AF6-B1A6-81BEE5CCE2DB}.Debug|x86.ActiveCfg = Debug|Win32
		{E3210A79-6EB1-4AF6-B1A6-81BEE5CCE2DB}.Debug|x86.Build.0 = Debug|Win32
		{E3210A79-6EB1-4AF6-B1A6-81BEE5CCE2DB}.Release|x64.ActiveCfg = Release|x64
		{E3210A79-6EB1-4AF6-B1A6-81BEE5CCE2DB}.Release|x64.Build.0 = Release|x64
		{E3210A79-6EB1-4AF6-B1A6-81BEE5CCE2DB}.Release|x86.ActiveCfg = Release|Win32
		{E3210A79-6EB1-4AF6-B1A6-81BEE5CCE2DB}.Release|x86.Build.0 = Release|Win32
		{C1263D2B-E5CC-450B-84B5-E939447B2752}.Debug|x64.ActiveCfg = Debug|x64
		{C1263D2B-E5CC-450B-84B5-E939447B2752}.Debug|x64.Build.0 = Debug|x64
		{C1263D2B-E5CC-450B-84B5-E939447B2752}.Debug|x86.ActiveCfg = Debug|Win32
		{C1263D2B-E5CC-450B-84B5-E939447B2752}.Debug|x86.Build.0 = Debug|Win32
		{C1263D2B-E5CC-450B-84B5-E939447B2752}.Release|x64.ActiveCfg = Release|x64
		{C1263D2B-E5CC-450B-84B5-E939447B2752}.Release|x64.Build.0 = Release|x64
		{C1263D2B-E5CC-450B-84B5-E939447B2752}.Release|x86.ActiveCfg = Release|Win32
		{C1263D2B-E5CC-450B-84B5-E939447B2752}.Release|x86.Build.0 = Release|Win32
		{7EAA4130-DB5D-4BCF-A4F4-E55BE080CBC4}.Debug|x64.ActiveCfg = Debug|x64
		{7EAA4130-DB5D-4BCF-A4F4-E55BE080CBC4}.Debug|x64.Build.0 = Debug|x64
		{7EAA4130-DB5D-4BCF-A4F4-E55BE080CBC4}.Debug|x86.ActiveCfg = Debug|Win32
		{7EAA4130-DB5D-4BCF-A4F4-E55BE080CBC4}.Debug|x86.Build.0 = Debug|Win32
		{7EAA4130-DB5D-4BCF-A4F4-E55BE080CBC4}.Release|x64.ActiveCfg = Release|x64
		{7EAA4130-DB5D-4BCF-A4F4-E55BE080CBC4}.Release|x64.Build.0 = Release|x64
		{7EAA4130-DB5D-4BCF-A4F4-E55BE080CBC4}.Release|x86.ActiveCfg = Release|Win32
		{7EAA4130-DB5D-4BCF-A4F4-E55BE080CBC4}.Release|x86.Build.0 = Release|Win32
		{4B1F1D77-E8A5-407D-BB1E-83B02684E870}.Debug|x64.ActiveCfg = Debug|x64
		{4B1F1D77-E8A5-407D-BB1E-83B02684E870}.Debug|x64.Build.0 = Debug|x64
		{4B1F1D77-E8A5-407D-BB1E-83B02684E870}.Debug|x86.ActiveCfg = Debug|Win32
		{4B1F1D77-E8A5-407D-BB1E-83B02684E870}.Debug|x86.Build.0 = Debug|Win32
		{4B1F1D77-E8A5-407D-BB1E-83B02684E870}.Release|x64.ActiveCfg = Release|x64
		{4B1F1D77-E8A5-407D-BB1E-83B02684E870}.Release|x64.Build.0 = Release|x64
		{4B1F1D77-E8A5-407D-BB1E-83B02684E870}.Release|x86.ActiveCfg = Release|Win32
		{4B1F1D77-E8A5-407D-BB1E-83B02684E870}.Release|x86.Build.0 = Release|Win32
		{B2783D21-C5D3-4AC9-B638-FAD6250BE8E2}.Debug|x64.ActiveCfg = Debug|x64
		{B2783D21-C5D3-4AC9-B638-FAD6250BE8E2}.Debug|x64.Build.0 = Debug|x64
		{B2783D21-C5D3-4AC9-B638-FAD6250BE8E2}.Debug|x86.ActiveCfg = Debug|Win32
		{B2783D21-C5D3-4AC9-B638-FAD6250BE8E2}.Debug|x86.Build.0 = Debug|Win32
		{B2783D21-C5D3-4AC9-B638-FAD6250BE8E2}.Release|x64.ActiveCfg = Release|x64
		{B2783D21-C5D3-4AC9-B638-FAD6250BE8E2}.Release|x64.Build.0 = Release|x64
		{B2783D21-C5D3-4AC9-B638-FAD6250BE8E2}.Release|x86.ActiveCfg = Release|Win32
		{B2783D21-C5D3-4AC9-B638-FAD6250BE8E2}.Release|x86.Build.0 = Release|Win32
		{00F5E17F-2C13-41F5-BD67-986C5663AF3F}.Debug|x64.ActiveCfg = Debug|x64
		{00F5E17F-2C13-41F5-BD67-986C5663AF3F}.Debug|x64.Build.0 = Debug|x64
		{00F5E17F-2C13-41F5-BD67-986C5663AF3F}.Debug|x86.ActiveCfg = Debug|Win32
		{00F5E17F-2C13-41F5-BD67-986C5663AF3F}.Debug|x86.Build.0 = Debug|Win32
		{00F5E17F-2C13-41F5-BD67-986C5663AF3F}.Release|x64.ActiveCfg = Release|x64
		{00F5E17F-2C13-41F5-BD67-986C5663AF3F}.Release|x64.Build.0 = Release|x64
		{00F5E17F-2C13-41F5-BD67-986C5663AF3F}.Release|x86.ActiveCfg = Release|Win32
		{00F5E17F-2C13-41F5-BD67-986C5663AF3F}.Release|x86.Build.0 = Release|Win32
		{47A7E4FE-7309-4268-8AC1-A51E488C891E}.Debug|x64.ActiveCfg = Debug|x64
		{47A7E4FE-7309-4268-8AC1-A51E488C891E}.Debug|x64.Build.0 = Debug|x64
		{47A7E4FE-7309-4268-8AC1-A51E488C891E}.Debug|x86.ActiveCfg = Debug|Win32
		{47A7E4FE-7309-4268-8AC1-A51E488C891E}.Debug|x86.Build.0 = Debug|Win32
		{47A7E4FE-7309-4268-8AC1-A51E488C891E}.Release|x64.ActiveCfg = Release|x64
		{47A7E4FE-7309-4268-8AC1-A51E488C891E}.Release|x64.Build.0 = Release|x64
		{47A7E4FE-7309-4268-8AC1-A51E488C891E}.Release|x86.ActiveCfg = Release|Win32
		{47A7E4FE-7309-4268-8AC1-A51E488C891E}.Release|x86.Build.0 = Release|Win32
		{1BA13850-50B9-4920-8EF2-60D9C8D72ACE}.Debug|x64.ActiveCfg = Debug|x64
		{1BA13850-50B9-4920-8EF2-60D9C8D72ACE}.Debug|x64.Build.0 = Debug|x64
		{1BA13850-50B9-4920-8EF2-60D9C8D72ACE}.Debug|x86.ActiveCfg = Debug|Win32
		{1BA13850-50B9-4920-8EF2-60D9C8D72ACE}.Debug|x86.Build.0 = Debug|Win32
		{1BA13850-50B9-4920-8EF2-60D9C8D72ACE}.Release|x64.ActiveCfg = Release|x64
		{1BA13850-50B9-4920-8EF2-60D9C8D72ACE}.Release|x64.Build.0 = Release|x64
		{1BA13850-50B9-4920-8EF2-60D9C8D72ACE}.Release|x86.ActiveCfg = Release|Win32
		{1BA13850-50B9-4920-8EF2-60D9C8D72ACE}.Release|x86.Build.0 = Release|Win32
		{192A0018-4F7A-4154-8E5B-E1FF4043A7B7}.Debug|x64.ActiveCfg = Debug|x64
		{192A0018-4F7A-4154-8E5B-E1FF4043A7B7}.Debug|x64.Build.0 = Debug|x64
		{192A0018-4F7A-4154-8E5B-E1FF4043A7B7}.Debug|x86.ActiveCfg = Debug|Win32
		{192A0018-4F7A-4154-8E5B-E1FF4043A7B7}.Debug|x86.Build.0 = Debug|Win32
		{192A0018-4F7A-4154-8E5B-E1FF4043A7B7}.Release|x64.ActiveCfg = Release|x64
		{192A0018-4F7A-4154-8E5B-E1FF4043A7B7}.Release|x64.Build.0 = Release|x64
		{192A0018-4F7A-4154-8E5B-E1FF4043A7B7}.Release|x86.ActiveCfg = Release|Win32
		{192A0018-4F7A-4154-8E5B-E1FF4043A7B7}.Release|x86.Build.0 = Release|Win32
		{7086A7C9-7479-401B-93B0-DA1C35E039D1}.Debug|x64.ActiveCfg = Debug|x64
		{7086A7C9-7479-401B-93B0-DA1C35E039D1}.Debug|x64.Build.0 = Debug|x64
		{7086A7C9-7479-401B-93B0-DA1C35E039D1}.Debug|x86.ActiveCfg = Debug|Win32
		{7086A7C9-7479-401B-93B0-DA1C35E039D1}.Debug|x86.Build.0 = Debug|Win32
		{7086A7C9-7479-401B-93B0-DA1C35E039D1}.Release|x64.ActiveCfg = Release|x64
		{7086A7C9-7479-401B-93B0-DA1C35E039D1}.Release|x64.Build.0 = Release|x64
		{7086A7C9-7479-401B-93B0-DA1C35E039D1}.Release|x86.ActiveCfg = Release|Win32
		{7086A7C9-7479-401B-93B0-DA1C35E039D1}.Release|x86.Build.0 = Release|Win32
		{63E0FA43-8BBE-425B-90A7-A9C26105FB39}.Debug|x64.ActiveCfg = Debug|x64
		{63E0FA43-8BBE-425B-90A7-A9C26105FB39}.Debug|x64.Build.0 = Debug|x64
		{63E0FA43-8BBE-425B-90A7-A9C26105FB39}.Debug|x86.ActiveCfg = Debug|Win32
		{63E0FA43-8BBE-425B-90A7-A9C26105FB39}.Debug|x86.Build.0 = Debug|Win32
		{63E0FA43-8BBE-425B-90A7-A9C26105FB39}.Release|x64.ActiveCfg = Release|x64
		{63E0FA43-8BBE-425B-90A7-A9C26105FB39}.Release|x64.Build.0 = Release|x64
		{63E0FA43-8BBE-425B-90A7-A9C26105FB39}.Release|x86.ActiveCfg = Release|Win32
		{63E0FA43-8BBE-425B-90A7-A9C26105FB39}.Release|x86.Build.0 = Release|Win32
	EndGlobalSection
	GlobalSection(SolutionProperties) = preSolution
		HideSolutionNode = FALSE
	EndGlobalSection
	GlobalSection(NestedProjects) = preSolution
		{5006AF1F-6B34-45CC-83AB-5BE78DD03290} = {A3D3DE39-FE81-4399-8D52-0819A22A022A}
		{BD9CB1BE-A8C5-4C7B-A005-776AA780A9B7} = {A3D3DE39-FE81-4399-8D52-0819A22A022A}
		{F3976C4D-2A81-41F1-A94D-A2904C182DB3} = {A3D3DE39-FE81-4399-8D52-0819A22A022A}
		{C3B0D8D9-B6DC-4377-B57F-F32331AB839B} = {A3D3DE39-FE81-4399-8D52-0819A22A022A}
		{BD6E935F-7982-4AD6-B4F4-2F5855FCE055} = {A3D3DE39-FE81-4399-8D52-0819A22A022A}
		{189F0BD3-5DB4-43FD-8DAF-944CDF5BE3F0} = {A3D3DE39-FE81-4399-8D52-0819A22A022A}
		{DB082CA4-6ED5-4050-879F-33ADB3011973} = {A3D3DE39-FE81-4399-8D52-0819A22A022A}
		{CDD8F875-7691-40FC-A103-EDA470847BFB} = {A3D3DE39-FE81-4399-8D52-0819A22A022A}
		{6CAD2E7D-2721-4895-8566-A218D33CAD6F} = {A3D3DE39-FE81-4399-8D52-0819A22A022A}
		{A4F64B42-5171-43E1-A1A8-69568BF25472} = {FA1CB215-9578-4E68-B58C-86F4E19F5B3A}
		{D2F9E8E5-E758-4464-A6A5-5013D2F77ED5} = {FA1CB215-9578-4E68-B58C-86F4E19F5B3A}
		{57E54B6B-EA79-49E7-9C5A-4BBF43EF50EA} = {FA1CB215-9578-4E68-B58C-86F4E19F5B3A}
		{FFE43B08-80A5-46B0-97DF-3CDABF3DA2A1} = {FA1CB215-9578-4E68-B58C-86F4E19F5B3A}
		{B47DFB69-B5EF-471E-AB25-8596133D6B61} = {FA1CB215-9578-4E68-B58C-86F4E19F5B3A}
		{BD95C699-8689-4342-A404-D2DF0320B9CE} = {FA1CB215-9578-4E68-B58C-86F4E19F5B3A}
		{473355D1-AFA4-408D-84C4-36A47EBE95B7} = {FA1CB215-9578-4E68-B58C-86F4E19F5B3A}
		{34C3473B-ADAA-4F98-AEFC-931140FD45C6} = {FA1CB215-9578-4E68-B58C-86F4E19F5B3A}
		{ED07EC2B-88CA-4370-A44D-5D021A2ECE1B} = {FA1CB215-9578-4E68-B58C-86F4E19F5B3A}
		{DC4E5526-4E60-4591-A327-13D2172A6FD4} = {FA1CB215-9578-4E68-B58C-86F4E19F5B3A}
		{D4DA9EA9-4298-457C-A44B-EC84816CCA0F} = {FA1CB215-9578-4E68-B58C-86F4E19F5B3A}
		{ABC2BB71-20C5-4D32-B94A-DB78C846530F} = {FA1CB215-9578-4E68-B58C-86F4E19F5B3A}
		{ABB525E0-54E4-43CB-A7CC-6FEF20702E35} = {FA1CB215-9578-4E68-B58C-86F4E19F5B3A}
		{E3210A79-6EB1-4AF6-B1A6-81BEE5CCE2DB} = {FA1CB215-9578-4E68-B58C-86F4E19F5B3A}
		{C1263D2B-E5CC-450B-84B5-E939447B2752} = {FA1CB215-9578-4E68-B58C-86F4E19F5B3A}
		{7EAA4130-DB5D-4BCF-A4F4-E55BE080CBC4} = {FA1CB215-9578-4E68-B58C-86F4E19F5B3A}
		{4B1F1D77-E8A5-407D-BB1E-83B02684E870} = {FA1CB215-9578-4E68-B58C-86F4E19F5B3A}
		{B2783D21-C5D3-4AC9-B638-FAD6250BE8E2} = {FA1CB215-9578-4E68-B58C-86F4E19F5B3A}
		{00F5E17F-2C13-41F5-BD67-986C5663AF3F} = {FA1CB215-9578-4E68-B58C-86F4E19F5B3A}
		{47A7E4FE-7309-4268-8AC1-A51E488C891E} = {FA1CB215-9578-4E68-B58C-86F4E19F5B3A}
		{1BA13850-50B9-4920-8EF2-60D9C8D72ACE} = {FA1CB215-9578-4E68-B58C-86F4E19F5B3A}
		{192A0018-4F7A-4154-8E5B-E1FF4043A7B7} = {FA1CB215-9578-4E68-B58C-86F4E19F5B3A}
		{7086A7C9-7479-401B-93B0-DA1C35E039D1} = {FA1CB215-9578-4E68-B58C-86F4E19F5B3A}
		{63E0FA43-8BBE-425B-90A7-A9C26105FB39} = {FA1CB215-9578-4E68-B58C-86F4E19F5B3A}
	EndGlobalSection
	GlobalSection(ExtensibilityGlobals) = postSolution
		SolutionGuid = {E96591AE-D02F-426F-BED6-D136B03F5917}
	EndGlobalSection
EndGlobal
